
Microsoft Visual Studio Solution File, Format Version 12.00
# Visual Studio Version 16
VisualStudioVersion = 16.0.30717.126
MinimumVisualStudioVersion = 10.0.40219.1
Project("{FAE04EC0-301F-11D3-BF4B-00C04F79EFBC}") = "xxx.isealim.mqtt.broker.console", "xxx.isealim.mqtt.broker.console.csproj", "{B3596C15-B3DF-49CD-BB7C-EE78E1CED679}"
EndProject
Global
	GlobalSection(SolutionConfigurationPlatforms) = preSolution
		Debug|Any CPU = Debug|Any CPU
		Release|Any CPU = Release|Any CPU
	EndGlobalSection
	GlobalSection(ProjectConfigurationPlatforms) = postSolution
		{B3596C15-B3DF-49CD-BB7C-EE78E1CED679}.Debug|Any CPU.ActiveCfg = Debug|Any CPU
		{B3596C15-B3DF-49CD-BB7C-EE78E1CED679}.Debug|Any CPU.Build.0 = Debug|Any CPU
		{B3596C15-B3DF-49CD-BB7C-EE78E1CED679}.Release|Any CPU.ActiveCfg = Release|Any CPU
		{B3596C15-B3DF-49CD-BB7C-EE78E1CED679}.Release|Any CPU.Build.0 = Release|Any CPU
	EndGlobalSection
	GlobalSection(SolutionProperties) = preSolution
		HideSolutionNode = FALSE
	EndGlobalSection
	GlobalSection(ExtensibilityGlobals) = postSolution
		SolutionGuid = {BC684E2C-B71A-48ED-B54B-93D60C5997F9}
	EndGlobalSection
EndGlobal
